// !$*UTF8*$!
{
	archiveVersion = 1;
	classes = {
	};
	objectVersion = 50;
	objects = {

/* Begin PBXBuildFile section */
		35456566A96AC015BB6ACB29 /* Pods_Git_a_Grep.framework in Frameworks */ = {isa = PBXBuildFile; fileRef = A946697917342978B3CB7153 /* Pods_Git_a_Grep.framework */; };
		655A851B26AC096E00219F5A /* RepoResultCell.swift in Sources */ = {isa = PBXBuildFile; fileRef = 655A851926AC096E00219F5A /* RepoResultCell.swift */; };
		655A851C26AC096E00219F5A /* RepoResultCell.xib in Resources */ = {isa = PBXBuildFile; fileRef = 655A851A26AC096E00219F5A /* RepoResultCell.xib */; };
		655A851F26AC0D4200219F5A /* RepoResultCellModel.swift in Sources */ = {isa = PBXBuildFile; fileRef = 655A851E26AC0D4200219F5A /* RepoResultCellModel.swift */; };
		655A852126AC0DA600219F5A /* Repository.swift in Sources */ = {isa = PBXBuildFile; fileRef = 655A852026AC0DA600219F5A /* Repository.swift */; };
		655A852826AC212B00219F5A /* SearchViewModel.swift in Sources */ = {isa = PBXBuildFile; fileRef = 655A852726AC212B00219F5A /* SearchViewModel.swift */; };
		65ED21D426ABFD390078C5BE /* AppDelegate.swift in Sources */ = {isa = PBXBuildFile; fileRef = 65ED21D326ABFD390078C5BE /* AppDelegate.swift */; };
		65ED21D626ABFD390078C5BE /* SceneDelegate.swift in Sources */ = {isa = PBXBuildFile; fileRef = 65ED21D526ABFD390078C5BE /* SceneDelegate.swift */; };
		65ED21D826ABFD390078C5BE /* SearchViewController.swift in Sources */ = {isa = PBXBuildFile; fileRef = 65ED21D726ABFD390078C5BE /* SearchViewController.swift */; };
		65ED21DB26ABFD390078C5BE /* Main.storyboard in Resources */ = {isa = PBXBuildFile; fileRef = 65ED21D926ABFD390078C5BE /* Main.storyboard */; };
		65ED21DD26ABFD3A0078C5BE /* Assets.xcassets in Resources */ = {isa = PBXBuildFile; fileRef = 65ED21DC26ABFD3A0078C5BE /* Assets.xcassets */; };
		65ED21E026ABFD3A0078C5BE /* LaunchScreen.storyboard in Resources */ = {isa = PBXBuildFile; fileRef = 65ED21DE26ABFD3A0078C5BE /* LaunchScreen.storyboard */; };
/* End PBXBuildFile section */

/* Begin PBXFileReference section */
		655A851926AC096E00219F5A /* RepoResultCell.swift */ = {isa = PBXFileReference; lastKnownFileType = sourcecode.swift; path = RepoResultCell.swift; sourceTree = "<group>"; };
		655A851A26AC096E00219F5A /* RepoResultCell.xib */ = {isa = PBXFileReference; lastKnownFileType = file.xib; path = RepoResultCell.xib; sourceTree = "<group>"; };
		655A851E26AC0D4200219F5A /* RepoResultCellModel.swift */ = {isa = PBXFileReference; lastKnownFileType = sourcecode.swift; path = RepoResultCellModel.swift; sourceTree = "<group>"; };
		655A852026AC0DA600219F5A /* Repository.swift */ = {isa = PBXFileReference; lastKnownFileType = sourcecode.swift; path = Repository.swift; sourceTree = "<group>"; };
		655A852726AC212B00219F5A /* SearchViewModel.swift */ = {isa = PBXFileReference; lastKnownFileType = sourcecode.swift; path = SearchViewModel.swift; sourceTree = "<group>"; };
		65ED21D026ABFD390078C5BE /* Git-a-Grep.app */ = {isa = PBXFileReference; explicitFileType = wrapper.application; includeInIndex = 0; path = "Git-a-Grep.app"; sourceTree = BUILT_PRODUCTS_DIR; };
		65ED21D326ABFD390078C5BE /* AppDelegate.swift */ = {isa = PBXFileReference; lastKnownFileType = sourcecode.swift; path = AppDelegate.swift; sourceTree = "<group>"; };
		65ED21D526ABFD390078C5BE /* SceneDelegate.swift */ = {isa = PBXFileReference; lastKnownFileType = sourcecode.swift; path = SceneDelegate.swift; sourceTree = "<group>"; };
		65ED21D726ABFD390078C5BE /* SearchViewController.swift */ = {isa = PBXFileReference; lastKnownFileType = sourcecode.swift; path = SearchViewController.swift; sourceTree = "<group>"; };
		65ED21DA26ABFD390078C5BE /* Base */ = {isa = PBXFileReference; lastKnownFileType = file.storyboard; name = Base; path = Base.lproj/Main.storyboard; sourceTree = "<group>"; };
		65ED21DC26ABFD3A0078C5BE /* Assets.xcassets */ = {isa = PBXFileReference; lastKnownFileType = folder.assetcatalog; path = Assets.xcassets; sourceTree = "<group>"; };
		65ED21DF26ABFD3A0078C5BE /* Base */ = {isa = PBXFileReference; lastKnownFileType = file.storyboard; name = Base; path = Base.lproj/LaunchScreen.storyboard; sourceTree = "<group>"; };
		65ED21E126ABFD3A0078C5BE /* Info.plist */ = {isa = PBXFileReference; lastKnownFileType = text.plist.xml; path = Info.plist; sourceTree = "<group>"; };
		662756BB7F0D89F9ACF96ABE /* Pods-Git-a-Grep.debug.xcconfig */ = {isa = PBXFileReference; includeInIndex = 1; lastKnownFileType = text.xcconfig; name = "Pods-Git-a-Grep.debug.xcconfig"; path = "Target Support Files/Pods-Git-a-Grep/Pods-Git-a-Grep.debug.xcconfig"; sourceTree = "<group>"; };
		A946697917342978B3CB7153 /* Pods_Git_a_Grep.framework */ = {isa = PBXFileReference; explicitFileType = wrapper.framework; includeInIndex = 0; path = Pods_Git_a_Grep.framework; sourceTree = BUILT_PRODUCTS_DIR; };
		AC3C24296FDD5E2C1E4BA712 /* Pods-Git-a-Grep.release.xcconfig */ = {isa = PBXFileReference; includeInIndex = 1; lastKnownFileType = text.xcconfig; name = "Pods-Git-a-Grep.release.xcconfig"; path = "Target Support Files/Pods-Git-a-Grep/Pods-Git-a-Grep.release.xcconfig"; sourceTree = "<group>"; };
/* End PBXFileReference section */

/* Begin PBXFrameworksBuildPhase section */
		65ED21CD26ABFD390078C5BE /* Frameworks */ = {
			isa = PBXFrameworksBuildPhase;
			buildActionMask = 2147483647;
			files = (
				35456566A96AC015BB6ACB29 /* Pods_Git_a_Grep.framework in Frameworks */,
			);
			runOnlyForDeploymentPostprocessing = 0;
		};
/* End PBXFrameworksBuildPhase section */

/* Begin PBXGroup section */
		655A851426AC08EF00219F5A /* Storyboards */ = {
			isa = PBXGroup;
			children = (
				65ED21DE26ABFD3A0078C5BE /* LaunchScreen.storyboard */,
				65ED21D926ABFD390078C5BE /* Main.storyboard */,
			);
			path = Storyboards;
			sourceTree = "<group>";
		};
		655A851526AC08FA00219F5A /* View Controllers */ = {
			isa = PBXGroup;
			children = (
				65ED21D726ABFD390078C5BE /* SearchViewController.swift */,
			);
			path = "View Controllers";
			sourceTree = "<group>";
		};
		655A851626AC090A00219F5A /* Views */ = {
			isa = PBXGroup;
			children = (
				655A851926AC096E00219F5A /* RepoResultCell.swift */,
				655A851A26AC096E00219F5A /* RepoResultCell.xib */,
			);
			path = Views;
			sourceTree = "<group>";
		};
		655A851726AC091000219F5A /* Models */ = {
			isa = PBXGroup;
			children = (
				655A852026AC0DA600219F5A /* Repository.swift */,
			);
			path = Models;
			sourceTree = "<group>";
		};
		655A851826AC091F00219F5A /* Global */ = {
			isa = PBXGroup;
			children = (
				65ED21D326ABFD390078C5BE /* AppDelegate.swift */,
				65ED21D526ABFD390078C5BE /* SceneDelegate.swift */,
			);
			path = Global;
			sourceTree = "<group>";
		};
		655A851D26AC0D1C00219F5A /* View Models */ = {
			isa = PBXGroup;
			children = (
				655A851E26AC0D4200219F5A /* RepoResultCellModel.swift */,
				655A852726AC212B00219F5A /* SearchViewModel.swift */,
			);
			path = "View Models";
			sourceTree = "<group>";
		};
		655A852226AC136E00219F5A /* Source */ = {
			isa = PBXGroup;
			children = (
				655A851826AC091F00219F5A /* Global */,
				655A851726AC091000219F5A /* Models */,
				655A851626AC090A00219F5A /* Views */,
				655A851D26AC0D1C00219F5A /* View Models */,
				655A851526AC08FA00219F5A /* View Controllers */,
				655A851426AC08EF00219F5A /* Storyboards */,
			);
			path = Source;
			sourceTree = "<group>";
		};
		65ED21C726ABFD390078C5BE = {
			isa = PBXGroup;
			children = (
				65ED21D226ABFD390078C5BE /* Git-a-Grep */,
				65ED21D126ABFD390078C5BE /* Products */,
				655A852226AC136E00219F5A /* Source */,
				EB98C357DEA5C57AD58D6D6F /* Pods */,
				C669B9E258B648ACC65C2D54 /* Frameworks */,
			);
			sourceTree = "<group>";
		};
		65ED21D126ABFD390078C5BE /* Products */ = {
			isa = PBXGroup;
			children = (
				65ED21D026ABFD390078C5BE /* Git-a-Grep.app */,
			);
			name = Products;
			sourceTree = "<group>";
		};
		65ED21D226ABFD390078C5BE /* Git-a-Grep */ = {
			isa = PBXGroup;
			children = (
				65ED21E126ABFD3A0078C5BE /* Info.plist */,
				65ED21DC26ABFD3A0078C5BE /* Assets.xcassets */,
			);
			path = "Git-a-Grep";
			sourceTree = "<group>";
		};
		C669B9E258B648ACC65C2D54 /* Frameworks */ = {
			isa = PBXGroup;
			children = (
				A946697917342978B3CB7153 /* Pods_Git_a_Grep.framework */,
			);
			name = Frameworks;
			sourceTree = "<group>";
		};
		EB98C357DEA5C57AD58D6D6F /* Pods */ = {
			isa = PBXGroup;
			children = (
				662756BB7F0D89F9ACF96ABE /* Pods-Git-a-Grep.debug.xcconfig */,
				AC3C24296FDD5E2C1E4BA712 /* Pods-Git-a-Grep.release.xcconfig */,
			);
			name = Pods;
			path = Pods;
			sourceTree = "<group>";
		};
/* End PBXGroup section */

/* Begin PBXNativeTarget section */
		65ED21CF26ABFD390078C5BE /* Git-a-Grep */ = {
			isa = PBXNativeTarget;
			buildConfigurationList = 65ED21E426ABFD3A0078C5BE /* Build configuration list for PBXNativeTarget "Git-a-Grep" */;
			buildPhases = (
				C753080269266AB88C69642A /* [CP] Check Pods Manifest.lock */,
				65ED21CC26ABFD390078C5BE /* Sources */,
				65ED21CD26ABFD390078C5BE /* Frameworks */,
				65ED21CE26ABFD390078C5BE /* Resources */,
				9291821B96531DA7E0CEBC0B /* [CP] Embed Pods Frameworks */,
			);
			buildRules = (
			);
			dependencies = (
			);
			name = "Git-a-Grep";
			productName = "Git-a-Grep";
			productReference = 65ED21D026ABFD390078C5BE /* Git-a-Grep.app */;
			productType = "com.apple.product-type.application";
		};
/* End PBXNativeTarget section */

/* Begin PBXProject section */
		65ED21C826ABFD390078C5BE /* Project object */ = {
			isa = PBXProject;
			attributes = {
				LastSwiftUpdateCheck = 1250;
				LastUpgradeCheck = 1250;
				TargetAttributes = {
					65ED21CF26ABFD390078C5BE = {
						CreatedOnToolsVersion = 12.5.1;
					};
				};
			};
			buildConfigurationList = 65ED21CB26ABFD390078C5BE /* Build configuration list for PBXProject "Git-a-Grep" */;
			compatibilityVersion = "Xcode 9.3";
			developmentRegion = en;
			hasScannedForEncodings = 0;
			knownRegions = (
				en,
				Base,
			);
			mainGroup = 65ED21C726ABFD390078C5BE;
			productRefGroup = 65ED21D126ABFD390078C5BE /* Products */;
			projectDirPath = "";
			projectRoot = "";
			targets = (
				65ED21CF26ABFD390078C5BE /* Git-a-Grep */,
			);
		};
/* End PBXProject section */

/* Begin PBXResourcesBuildPhase section */
		65ED21CE26ABFD390078C5BE /* Resources */ = {
			isa = PBXResourcesBuildPhase;
			buildActionMask = 2147483647;
			files = (
				655A851C26AC096E00219F5A /* RepoResultCell.xib in Resources */,
				65ED21E026ABFD3A0078C5BE /* LaunchScreen.storyboard in Resources */,
				65ED21DD26ABFD3A0078C5BE /* Assets.xcassets in Resources */,
				65ED21DB26ABFD390078C5BE /* Main.storyboard in Resources */,
			);
			runOnlyForDeploymentPostprocessing = 0;
		};
/* End PBXResourcesBuildPhase section */

/* Begin PBXShellScriptBuildPhase section */
		9291821B96531DA7E0CEBC0B /* [CP] Embed Pods Frameworks */ = {
			isa = PBXShellScriptBuildPhase;
			buildActionMask = 2147483647;
			files = (
			);
			inputFileListPaths = (
				"${PODS_ROOT}/Target Support Files/Pods-Git-a-Grep/Pods-Git-a-Grep-frameworks-${CONFIGURATION}-input-files.xcfilelist",
			);
			name = "[CP] Embed Pods Frameworks";
			outputFileListPaths = (
				"${PODS_ROOT}/Target Support Files/Pods-Git-a-Grep/Pods-Git-a-Grep-frameworks-${CONFIGURATION}-output-files.xcfilelist",
			);
			runOnlyForDeploymentPostprocessing = 0;
			shellPath = /bin/sh;
			shellScript = "\"${PODS_ROOT}/Target Support Files/Pods-Git-a-Grep/Pods-Git-a-Grep-frameworks.sh\"\n";
			showEnvVarsInLog = 0;
		};
		C753080269266AB88C69642A /* [CP] Check Pods Manifest.lock */ = {
			isa = PBXShellScriptBuildPhase;
			buildActionMask = 2147483647;
			files = (
			);
			inputFileListPaths = (
			);
			inputPaths = (
				"${PODS_PODFILE_DIR_PATH}/Podfile.lock",
				"${PODS_ROOT}/Manifest.lock",
			);
			name = "[CP] Check Pods Manifest.lock";
			outputFileListPaths = (
			);
			outputPaths = (
				"$(DERIVED_FILE_DIR)/Pods-Git-a-Grep-checkManifestLockResult.txt",
			);
			runOnlyForDeploymentPostprocessing = 0;
			shellPath = /bin/sh;
			shellScript = "diff \"${PODS_PODFILE_DIR_PATH}/Podfile.lock\" \"${PODS_ROOT}/Manifest.lock\" > /dev/null\nif [ $? != 0 ] ; then\n    # print error to STDERR\n    echo \"error: The sandbox is not in sync with the Podfile.lock. Run 'pod install' or update your CocoaPods installation.\" >&2\n    exit 1\nfi\n# This output is used by Xcode 'outputs' to avoid re-running this script phase.\necho \"SUCCESS\" > \"${SCRIPT_OUTPUT_FILE_0}\"\n";
			showEnvVarsInLog = 0;
		};
/* End PBXShellScriptBuildPhase section */

/* Begin PBXSourcesBuildPhase section */
		65ED21CC26ABFD390078C5BE /* Sources */ = {
			isa = PBXSourcesBuildPhase;
			buildActionMask = 2147483647;
			files = (
				655A851B26AC096E00219F5A /* RepoResultCell.swift in Sources */,
				655A851F26AC0D4200219F5A /* RepoResultCellModel.swift in Sources */,
				655A852826AC212B00219F5A /* SearchViewModel.swift in Sources */,
				65ED21D826ABFD390078C5BE /* SearchViewController.swift in Sources */,
				65ED21D426ABFD390078C5BE /* AppDelegate.swift in Sources */,
				65ED21D626ABFD390078C5BE /* SceneDelegate.swift in Sources */,
				655A852126AC0DA600219F5A /* Repository.swift in Sources */,
			);
			runOnlyForDeploymentPostprocessing = 0;
		};
/* End PBXSourcesBuildPhase section */

/* Begin PBXVariantGroup section */
		65ED21D926ABFD390078C5BE /* Main.storyboard */ = {
			isa = PBXVariantGroup;
			children = (
				65ED21DA26ABFD390078C5BE /* Base */,
			);
			name = Main.storyboard;
			sourceTree = "<group>";
		};
		65ED21DE26ABFD3A0078C5BE /* LaunchScreen.storyboard */ = {
			isa = PBXVariantGroup;
			children = (
				65ED21DF26ABFD3A0078C5BE /* Base */,
			);
			name = LaunchScreen.storyboard;
			sourceTree = "<group>";
		};
/* End PBXVariantGroup section */

/* Begin XCBuildConfiguration section */
		65ED21E226ABFD3A0078C5BE /* Debug */ = {
			isa = XCBuildConfiguration;
			buildSettings = {
				ALWAYS_SEARCH_USER_PATHS = NO;
				CLANG_ANALYZER_NONNULL = YES;
				CLANG_ANALYZER_NUMBER_OBJECT_CONVERSION = YES_AGGRESSIVE;
				CLANG_CXX_LANGUAGE_STANDARD = "gnu++14";
				CLANG_CXX_LIBRARY = "libc++";
				CLANG_ENABLE_MODULES = YES;
				CLANG_ENABLE_OBJC_ARC = YES;
				CLANG_ENABLE_OBJC_WEAK = YES;
				CLANG_WARN_BLOCK_CAPTURE_AUTORELEASING = YES;
				CLANG_WARN_BOOL_CONVERSION = YES;
				CLANG_WARN_COMMA = YES;
				CLANG_WARN_CONSTANT_CONVERSION = YES;
				CLANG_WARN_DEPRECATED_OBJC_IMPLEMENTATIONS = YES;
				CLANG_WARN_DIRECT_OBJC_ISA_USAGE = YES_ERROR;
				CLANG_WARN_DOCUMENTATION_COMMENTS = YES;
				CLANG_WARN_EMPTY_BODY = YES;
				CLANG_WARN_ENUM_CONVERSION = YES;
				CLANG_WARN_INFINITE_RECURSION = YES;
				CLANG_WARN_INT_CONVERSION = YES;
				CLANG_WARN_NON_LITERAL_NULL_CONVERSION = YES;
				CLANG_WARN_OBJC_IMPLICIT_RETAIN_SELF = YES;
				CLANG_WARN_OBJC_LITERAL_CONVERSION = YES;
				CLANG_WARN_OBJC_ROOT_CLASS = YES_ERROR;
				CLANG_WARN_QUOTED_INCLUDE_IN_FRAMEWORK_HEADER = YES;
				CLANG_WARN_RANGE_LOOP_ANALYSIS = YES;
				CLANG_WARN_STRICT_PROTOTYPES = YES;
				CLANG_WARN_SUSPICIOUS_MOVE = YES;
				CLANG_WARN_UNGUARDED_AVAILABILITY = YES_AGGRESSIVE;
				CLANG_WARN_UNREACHABLE_CODE = YES;
				CLANG_WARN__DUPLICATE_METHOD_MATCH = YES;
				COPY_PHASE_STRIP = NO;
				DEBUG_INFORMATION_FORMAT = dwarf;
				ENABLE_STRICT_OBJC_MSGSEND = YES;
				ENABLE_TESTABILITY = YES;
				GCC_C_LANGUAGE_STANDARD = gnu11;
				GCC_DYNAMIC_NO_PIC = NO;
				GCC_NO_COMMON_BLOCKS = YES;
				GCC_OPTIMIZATION_LEVEL = 0;
				GCC_PREPROCESSOR_DEFINITIONS = (
					"DEBUG=1",
					"$(inherited)",
				);
				GCC_WARN_64_TO_32_BIT_CONVERSION = YES;
				GCC_WARN_ABOUT_RETURN_TYPE = YES_ERROR;
				GCC_WARN_UNDECLARED_SELECTOR = YES;
				GCC_WARN_UNINITIALIZED_AUTOS = YES_AGGRESSIVE;
				GCC_WARN_UNUSED_FUNCTION = YES;
				GCC_WARN_UNUSED_VARIABLE = YES;
				IPHONEOS_DEPLOYMENT_TARGET = 14.5;
				MTL_ENABLE_DEBUG_INFO = INCLUDE_SOURCE;
				MTL_FAST_MATH = YES;
				ONLY_ACTIVE_ARCH = YES;
				SDKROOT = iphoneos;
				SWIFT_ACTIVE_COMPILATION_CONDITIONS = DEBUG;
				SWIFT_OPTIMIZATION_LEVEL = "-Onone";
			};
			name = Debug;
		};
		65ED21E326ABFD3A0078C5BE /* Release */ = {
			isa = XCBuildConfiguration;
			buildSettings = {
				ALWAYS_SEARCH_USER_PATHS = NO;
				CLANG_ANALYZER_NONNULL = YES;
				CLANG_ANALYZER_NUMBER_OBJECT_CONVERSION = YES_AGGRESSIVE;
				CLANG_CXX_LANGUAGE_STANDARD = "gnu++14";
				CLANG_CXX_LIBRARY = "libc++";
				CLANG_ENABLE_MODULES = YES;
				CLANG_ENABLE_OBJC_ARC = YES;
				CLANG_ENABLE_OBJC_WEAK = YES;
				CLANG_WARN_BLOCK_CAPTURE_AUTORELEASING = YES;
				CLANG_WARN_BOOL_CONVERSION = YES;
				CLANG_WARN_COMMA = YES;
				CLANG_WARN_CONSTANT_CONVERSION = YES;
				CLANG_WARN_DEPRECATED_OBJC_IMPLEMENTATIONS = YES;
				CLANG_WARN_DIRECT_OBJC_ISA_USAGE = YES_ERROR;
				CLANG_WARN_DOCUMENTATION_COMMENTS = YES;
				CLANG_WARN_EMPTY_BODY = YES;
				CLANG_WARN_ENUM_CONVERSION = YES;
				CLANG_WARN_INFINITE_RECURSION = YES;
				CLANG_WARN_INT_CONVERSION = YES;
				CLANG_WARN_NON_LITERAL_NULL_CONVERSION = YES;
				CLANG_WARN_OBJC_IMPLICIT_RETAIN_SELF = YES;
				CLANG_WARN_OBJC_LITERAL_CONVERSION = YES;
				CLANG_WARN_OBJC_ROOT_CLASS = YES_ERROR;
				CLANG_WARN_QUOTED_INCLUDE_IN_FRAMEWORK_HEADER = YES;
				CLANG_WARN_RANGE_LOOP_ANALYSIS = YES;
				CLANG_WARN_STRICT_PROTOTYPES = YES;
				CLANG_WARN_SUSPICIOUS_MOVE = YES;
				CLANG_WARN_UNGUARDED_AVAILABILITY = YES_AGGRESSIVE;
				CLANG_WARN_UNREACHABLE_CODE = YES;
				CLANG_WARN__DUPLICATE_METHOD_MATCH = YES;
				COPY_PHASE_STRIP = NO;
				DEBUG_INFORMATION_FORMAT = "dwarf-with-dsym";
				ENABLE_NS_ASSERTIONS = NO;
				ENABLE_STRICT_OBJC_MSGSEND = YES;
				GCC_C_LANGUAGE_STANDARD = gnu11;
				GCC_NO_COMMON_BLOCKS = YES;
				GCC_WARN_64_TO_32_BIT_CONVERSION = YES;
				GCC_WARN_ABOUT_RETURN_TYPE = YES_ERROR;
				GCC_WARN_UNDECLARED_SELECTOR = YES;
				GCC_WARN_UNINITIALIZED_AUTOS = YES_AGGRESSIVE;
				GCC_WARN_UNUSED_FUNCTION = YES;
				GCC_WARN_UNUSED_VARIABLE = YES;
				IPHONEOS_DEPLOYMENT_TARGET = 14.5;
				MTL_ENABLE_DEBUG_INFO = NO;
				MTL_FAST_MATH = YES;
				SDKROOT = iphoneos;
				SWIFT_COMPILATION_MODE = wholemodule;
				SWIFT_OPTIMIZATION_LEVEL = "-O";
				VALIDATE_PRODUCT = YES;
			};
			name = Release;
		};
		65ED21E526ABFD3A0078C5BE /* Debug */ = {
			isa = XCBuildConfiguration;
			baseConfigurationReference = 662756BB7F0D89F9ACF96ABE /* Pods-Git-a-Grep.debug.xcconfig */;
			buildSettings = {
				ASSETCATALOG_COMPILER_APPICON_NAME = AppIcon;
				ASSETCATALOG_COMPILER_GLOBAL_ACCENT_COLOR_NAME = AccentColor;
				CODE_SIGN_STYLE = Automatic;
				DEVELOPMENT_TEAM = UBH739J24U;
				INFOPLIST_FILE = "Git-a-Grep/Info.plist";
				LD_RUNPATH_SEARCH_PATHS = (
					"$(inherited)",
					"@executable_path/Frameworks",
				);
				PRODUCT_BUNDLE_IDENTIFIER = "com.tejen.Git-a-Grep";
				PRODUCT_NAME = "$(TARGET_NAME)";
				SWIFT_VERSION = 5.0;
				TARGETED_DEVICE_FAMILY = "1,2";
			};
			name = Debug;
		};
		65ED21E626ABFD3A0078C5BE /* Release */ = {
			isa = XCBuildConfiguration;
			baseConfigurationReference = AC3C24296FDD5E2C1E4BA712 /* Pods-Git-a-Grep.release.xcconfig */;
			buildSettings = {
				ASSETCATALOG_COMPILER_APPICON_NAME = AppIcon;
				ASSETCATALOG_COMPILER_GLOBAL_ACCENT_COLOR_NAME = AccentColor;
				CODE_SIGN_STYLE = Automatic;
				DEVELOPMENT_TEAM = UBH739J24U;
				INFOPLIST_FILE = "Git-a-Grep/Info.plist";
				LD_RUNPATH_SEARCH_PATHS = (
					"$(inherited)",
					"@executable_path/Frameworks",
				);
				PRODUCT_BUNDLE_IDENTIFIER = "com.tejen.Git-a-Grep";
				PRODUCT_NAME = "$(TARGET_NAME)";
				SWIFT_VERSION = 5.0;
				TARGETED_DEVICE_FAMILY = "1,2";
			};
			name = Release;
		};
/* End XCBuildConfiguration section */

/* Begin XCConfigurationList section */
		65ED21CB26ABFD390078C5BE /* Build configuration list for PBXProject "Git-a-Grep" */ = {
			isa = XCConfigurationList;
			buildConfigurations = (
				65ED21E226ABFD3A0078C5BE /* Debug */,
				65ED21E326ABFD3A0078C5BE /* Release */,
			);
			defaultConfigurationIsVisible = 0;
			defaultConfigurationName = Release;
		};
		65ED21E426ABFD3A0078C5BE /* Build configuration list for PBXNativeTarget "Git-a-Grep" */ = {
			isa = XCConfigurationList;
			buildConfigurations = (
				65ED21E526ABFD3A0078C5BE /* Debug */,
				65ED21E626ABFD3A0078C5BE /* Release */,
			);
			defaultConfigurationIsVisible = 0;
			defaultConfigurationName = Release;
		};
/* End XCConfigurationList section */
	};
	rootObject = 65ED21C826ABFD390078C5BE /* Project object */;
}
